
Microsoft Visual Studio Solution File, Format Version 12.00
# Visual Studio 2012
Project("{FAE04EC0-301F-11D3-BF4B-00C04F79EFBC}") = "Assignment", "Assignment\Assignment\Assignment.csproj", "{F6944DE2-FC61-4990-886F-7D9BCCDF8F0B}"
EndProject
Project("{96E2B04D-8817-42C6-938A-82C39BA4D311}") = "AssignmentContent", "Assignment\AssignmentContent\AssignmentContent.contentproj", "{90598E02-83E6-414A-BCC3-98D5A2E8F14D}"
EndProject
Global
	GlobalSection(SolutionConfigurationPlatforms) = preSolution
		Debug|x86 = Debug|x86
		Release|x86 = Release|x86
	EndGlobalSection
	GlobalSection(ProjectConfigurationPlatforms) = postSolution
		{F6944DE2-FC61-4990-886F-7D9BCCDF8F0B}.Debug|x86.ActiveCfg = Debug|x86
		{F6944DE2-FC61-4990-886F-7D9BCCDF8F0B}.Debug|x86.Build.0 = Debug|x86
		{F6944DE2-FC61-4990-886F-7D9BCCDF8F0B}.Release|x86.ActiveCfg = Release|x86
		{F6944DE2-FC61-4990-886F-7D9BCCDF8F0B}.Release|x86.Build.0 = Release|x86
		{90598E02-83E6-414A-BCC3-98D5A2E8F14D}.Debug|x86.ActiveCfg = Debug|x86
		{90598E02-83E6-414A-BCC3-98D5A2E8F14D}.Release|x86.ActiveCfg = Release|x86
	EndGlobalSection
	GlobalSection(SolutionProperties) = preSolution
		HideSolutionNode = FALSE
	EndGlobalSection
EndGlobal
